# This file was autogenerated by Stack.
# You should not edit this file by hand.
# For more information, please see the documentation at:
#   https://docs.haskellstack.org/en/stable/lock_files

packages:
- completed:
    hackage: bitvec-1.0.2.0@sha256:492256514c4c7297d6b09f1dfdcb0fe579f1896b8ace89cb33842f797ac91544,4232
    pantry-tree:
      size: 2371
      sha256: 9b2b82291d9a5480183e81c121801cc8401fa65b54edd027087e298c9b3b1880
  original:
    hackage: bitvec-1.0.2.0
- completed:
    hackage: mod-0.1.0.0@sha256:63cd4e996b9453ffbe11dc515f57d762ba50276f05507b2372c6d9e733254768,1597
    pantry-tree:
      size: 352
      sha256: c88ce4f9c35e18140f75d94d14a0c52fafc2944a2611a955af4757f555bd0884
  original:
    hackage: mod-0.1.0.0
- completed:
    hackage: poly-0.4.0.0@sha256:75c243113712745dab5d2f4a52643705e146473770af212f9e0ce3d87a83f2ed,2123
    pantry-tree:
      size: 1896
      sha256: 06f435980848905d2bcf23b85782863b1608f7a78dbdaea42e33a2e865adf476
  original:
    hackage: poly-0.4.0.0
- completed:
    hackage: semirings-0.5.3@sha256:4b0d243f88bb07c0673978a37b6b9fd16da44f15e8d552fb08795d9a88a3dc76,3791
    pantry-tree:
      size: 610
      sha256: 0bc3f63a3b92be1c6be2e36c7db8df62e61b2860eba7f083b84e2b16dbaa2d69
  original:
    hackage: semirings-0.5.3
- completed:
    hackage: vector-algorithms-0.8.0.3@sha256:477ef5ac82fdd28a39536ed0a767faec3425802827abee485be31db5bc6f5e90,3488
    pantry-tree:
      size: 1439
      sha256: 9f04ef44c2459a122f2d5c093b4a9ebc47aaa00284a7bff9793fee7c6783f979
  original:
    hackage: vector-algorithms-0.8.0.3
snapshots:
- completed:
    size: 523700
    url: https://raw.githubusercontent.com/commercialhaskell/stackage-snapshots/master/lts/14/7.yaml
    sha256: 8e3f3c894be74d71fa4bf085e0a8baae7e4d7622d07ea31a52736b80f8b9bb1a
  original: lts-14.7
