# This file was autogenerated by Stack.
# You should not edit this file by hand.
# For more information, please see the documentation at:
#   https://docs.haskellstack.org/en/stable/lock_files

packages:
- completed:
    hackage: bitvec-1.0.2.0@sha256:492256514c4c7297d6b09f1dfdcb0fe579f1896b8ace89cb33842f797ac91544,4232
    pantry-tree:
      size: 2371
      sha256: 9b2b82291d9a5480183e81c121801cc8401fa65b54edd027087e298c9b3b1880
  original:
    hackage: bitvec-1.0.2.0
- completed:
    hackage: mod-0.1.0.0@sha256:63cd4e996b9453ffbe11dc515f57d762ba50276f05507b2372c6d9e733254768,1597
    pantry-tree:
      size: 352
      sha256: c88ce4f9c35e18140f75d94d14a0c52fafc2944a2611a955af4757f555bd0884
  original:
    hackage: mod-0.1.0.0
- completed:
    hackage: poly-0.4.0.0@sha256:75c243113712745dab5d2f4a52643705e146473770af212f9e0ce3d87a83f2ed,2123
    pantry-tree:
      size: 1896
      sha256: 06f435980848905d2bcf23b85782863b1608f7a78dbdaea42e33a2e865adf476
  original:
    hackage: poly-0.4.0.0
- completed:
    hackage: semirings-0.5.3@sha256:4b0d243f88bb07c0673978a37b6b9fd16da44f15e8d552fb08795d9a88a3dc76,3791
    pantry-tree:
      size: 610
      sha256: 0bc3f63a3b92be1c6be2e36c7db8df62e61b2860eba7f083b84e2b16dbaa2d69
  original:
    hackage: semirings-0.5.3
- completed:
    hackage: vector-algorithms-0.8.0.3@sha256:477ef5ac82fdd28a39536ed0a767faec3425802827abee485be31db5bc6f5e90,3488
    pantry-tree:
      size: 1439
      sha256: 9f04ef44c2459a122f2d5c093b4a9ebc47aaa00284a7bff9793fee7c6783f979
  original:
    hackage: vector-algorithms-0.8.0.3
- completed:
    hackage: protolude-0.3.0@sha256:8361b811b420585b122a7ba715aa5923834db6e8c36309bf267df2dbf66b95ef,2693
    pantry-tree:
      size: 1644
      sha256: babf32b414f25f790b7a4ce6bae5c960bc51a11a289e7c47335b222e6762560c
  original:
    hackage: protolude-0.3.0
- completed:
    hackage: QuickCheck-2.14@sha256:3f536a4b86bef7ec39025f04ef8d76c5ac5a78ba0b42e660b25d0a8f9c811045,7004
    pantry-tree:
      size: 2203
      sha256: 7067593c50ff2e5e83c637ac73009f4bd8f43c29ff256e976bbb14674033abe9
  original:
    hackage: QuickCheck-2.14
snapshots:
- completed:
    size: 531237
    url: https://raw.githubusercontent.com/commercialhaskell/stackage-snapshots/master/lts/16/0.yaml
    sha256: 210e15b7043e2783115afe16b0d54914b1611cdaa73f3ca3ca7f8e0847ff54e5
  original: lts-16.0
